
Microsoft Visual Studio Solution File, Format Version 12.00
# Visual Studio 2012
Project("{FAE04EC0-301F-11D3-BF4B-00C04F79EFBC}") = "SeitenKern.SitecoreContrib.Translation", "SeitenKern.SitecoreContrib.Translation\SeitenKern.SitecoreContrib.Translation.csproj", "{2D71059A-7FD5-4184-9BBD-A4F3FC512A5B}"
EndProject
Global
	GlobalSection(SolutionConfigurationPlatforms) = preSolution
		Debug|Any CPU = Debug|Any CPU
		Release|Any CPU = Release|Any CPU
	EndGlobalSection
	GlobalSection(ProjectConfigurationPlatforms) = postSolution
		{2D71059A-7FD5-4184-9BBD-A4F3FC512A5B}.Debug|Any CPU.ActiveCfg = Debug|Any CPU
		{2D71059A-7FD5-4184-9BBD-A4F3FC512A5B}.Debug|Any CPU.Build.0 = Debug|Any CPU
		{2D71059A-7FD5-4184-9BBD-A4F3FC512A5B}.Release|Any CPU.ActiveCfg = Release|Any CPU
		{2D71059A-7FD5-4184-9BBD-A4F3FC512A5B}.Release|Any CPU.Build.0 = Release|Any CPU
	EndGlobalSection
	GlobalSection(SolutionProperties) = preSolution
		HideSolutionNode = FALSE
	EndGlobalSection
EndGlobal
